# This file is automatically @generated by Cargo.
# It is not intended for manual editing.
version = 4

[[package]]
name = "audiochat-cli"
version = "0.1.0"
dependencies = [
 "audiochat-core",
 "audiochat-llm",
 "audiochat-stt-whisper",
 "audiochat-tts-piper",
]

[[package]]
name = "audiochat-core"
version = "0.1.0"

[[package]]
name = "audiochat-llm"
version = "0.1.0"
dependencies = [
 "audiochat-core",
]

[[package]]
name = "audiochat-stt-whisper"
version = "0.1.0"
dependencies = [
 "audiochat-core",
]

[[package]]
name = "audiochat-tts-piper"
version = "0.1.0"
dependencies = [
 "audiochat-core",
]
